
Microsoft Visual Studio Solution File, Format Version 12.00
# Visual Studio Version 16
VisualStudioVersion = 16.0.30114.105
MinimumVisualStudioVersion = 10.0.40219.1
Project("{FAE04EC0-301F-11D3-BF4B-00C04F79EFBC}") = "OnlineProdajaKnjiga", "OnlineProdajaKnjiga.csproj", "{8C39DB56-7161-4AEB-8119-4CD4DF42CC6E}"
EndProject
Global
	GlobalSection(SolutionConfigurationPlatforms) = preSolution
		Debug|Any CPU = Debug|Any CPU
		Release|Any CPU = Release|Any CPU
	EndGlobalSection
	GlobalSection(ProjectConfigurationPlatforms) = postSolution
		{8C39DB56-7161-4AEB-8119-4CD4DF42CC6E}.Debug|Any CPU.ActiveCfg = Debug|Any CPU
		{8C39DB56-7161-4AEB-8119-4CD4DF42CC6E}.Debug|Any CPU.Build.0 = Debug|Any CPU
		{8C39DB56-7161-4AEB-8119-4CD4DF42CC6E}.Release|Any CPU.ActiveCfg = Release|Any CPU
		{8C39DB56-7161-4AEB-8119-4CD4DF42CC6E}.Release|Any CPU.Build.0 = Release|Any CPU
	EndGlobalSection
	GlobalSection(SolutionProperties) = preSolution
		HideSolutionNode = FALSE
	EndGlobalSection
	GlobalSection(ExtensibilityGlobals) = postSolution
		SolutionGuid = {69ECD6FB-63CD-41FD-A7B8-E0347A9CFB0D}
	EndGlobalSection
EndGlobal
